
Microsoft Visual Studio Solution File, Format Version 12.00
# Visual Studio Version 17
VisualStudioVersion = 17.13.35825.156 d17.13
MinimumVisualStudioVersion = 10.0.40219.1
Project("{FAE04EC0-301F-11D3-BF4B-00C04F79EFBC}") = "PracticaSeedCode", "PracticaSeedCode\PracticaSeedCode.csproj", "{EF6945EF-5E37-46ED-99B3-6C04901F6DCE}"
EndProject
Project("{2150E333-8FDC-42A3-9474-1A3956D46DE8}") = "Elementos de la solución", "Elementos de la solución", "{D107F4C8-89CC-BEA8-D3D7-CA6B7733353D}"
	ProjectSection(SolutionItems) = preProject
		README.md.txt = README.md.txt
	EndProjectSection
EndProject
Global
	GlobalSection(SolutionConfigurationPlatforms) = preSolution
		Debug|Any CPU = Debug|Any CPU
		Release|Any CPU = Release|Any CPU
	EndGlobalSection
	GlobalSection(ProjectConfigurationPlatforms) = postSolution
		{EF6945EF-5E37-46ED-99B3-6C04901F6DCE}.Debug|Any CPU.ActiveCfg = Debug|Any CPU
		{EF6945EF-5E37-46ED-99B3-6C04901F6DCE}.Debug|Any CPU.Build.0 = Debug|Any CPU
		{EF6945EF-5E37-46ED-99B3-6C04901F6DCE}.Release|Any CPU.ActiveCfg = Release|Any CPU
		{EF6945EF-5E37-46ED-99B3-6C04901F6DCE}.Release|Any CPU.Build.0 = Release|Any CPU
	EndGlobalSection
	GlobalSection(SolutionProperties) = preSolution
		HideSolutionNode = FALSE
	EndGlobalSection
	GlobalSection(ExtensibilityGlobals) = postSolution
		SolutionGuid = {E47D12E9-5638-4C12-825A-D6E859F2B455}
	EndGlobalSection
EndGlobal
